
Microsoft Visual Studio Solution File, Format Version 12.00
# Visual Studio Version 17
VisualStudioVersion = 17.9.34714.143
MinimumVisualStudioVersion = 10.0.40219.1
Project("{FAE04EC0-301F-11D3-BF4B-00C04F79EFBC}") = "JobUI", "JobUI.csproj", "{72229BD6-905C-490B-9DF7-978A84A8E4F9}"
EndProject
Project("{FAE04EC0-301F-11D3-BF4B-00C04F79EFBC}") = "JobModel", "..\JobModel\JobModel.csproj", "{B602C0D6-66D2-4F72-AB6B-4CD779F4CC23}"
EndProject
Project("{FAE04EC0-301F-11D3-BF4B-00C04F79EFBC}") = "JobDL", "..\JobDL\JobDL.csproj", "{957EA7DB-923A-4344-BD5F-41B45E4FAE60}"
EndProject
Project("{FAE04EC0-301F-11D3-BF4B-00C04F79EFBC}") = "JobBL", "..\JobBL\JobBL.csproj", "{ED83F9BB-5815-4ED8-84B9-BE170EF733EA}"
EndProject
Project("{FAE04EC0-301F-11D3-BF4B-00C04F79EFBC}") = "jobManagement", "..\jobManagement\jobManagement.csproj", "{26F2B5AF-0578-4134-BE97-598D9D7BB38C}"
EndProject
Global
	GlobalSection(SolutionConfigurationPlatforms) = preSolution
		Debug|Any CPU = Debug|Any CPU
		Release|Any CPU = Release|Any CPU
	EndGlobalSection
	GlobalSection(ProjectConfigurationPlatforms) = postSolution
		{72229BD6-905C-490B-9DF7-978A84A8E4F9}.Debug|Any CPU.ActiveCfg = Debug|Any CPU
		{72229BD6-905C-490B-9DF7-978A84A8E4F9}.Debug|Any CPU.Build.0 = Debug|Any CPU
		{72229BD6-905C-490B-9DF7-978A84A8E4F9}.Release|Any CPU.ActiveCfg = Release|Any CPU
		{72229BD6-905C-490B-9DF7-978A84A8E4F9}.Release|Any CPU.Build.0 = Release|Any CPU
		{B602C0D6-66D2-4F72-AB6B-4CD779F4CC23}.Debug|Any CPU.ActiveCfg = Debug|Any CPU
		{B602C0D6-66D2-4F72-AB6B-4CD779F4CC23}.Debug|Any CPU.Build.0 = Debug|Any CPU
		{B602C0D6-66D2-4F72-AB6B-4CD779F4CC23}.Release|Any CPU.ActiveCfg = Release|Any CPU
		{B602C0D6-66D2-4F72-AB6B-4CD779F4CC23}.Release|Any CPU.Build.0 = Release|Any CPU
		{957EA7DB-923A-4344-BD5F-41B45E4FAE60}.Debug|Any CPU.ActiveCfg = Debug|Any CPU
		{957EA7DB-923A-4344-BD5F-41B45E4FAE60}.Debug|Any CPU.Build.0 = Debug|Any CPU
		{957EA7DB-923A-4344-BD5F-41B45E4FAE60}.Release|Any CPU.ActiveCfg = Release|Any CPU
		{957EA7DB-923A-4344-BD5F-41B45E4FAE60}.Release|Any CPU.Build.0 = Release|Any CPU
		{ED83F9BB-5815-4ED8-84B9-BE170EF733EA}.Debug|Any CPU.ActiveCfg = Debug|Any CPU
		{ED83F9BB-5815-4ED8-84B9-BE170EF733EA}.Debug|Any CPU.Build.0 = Debug|Any CPU
		{ED83F9BB-5815-4ED8-84B9-BE170EF733EA}.Release|Any CPU.ActiveCfg = Release|Any CPU
		{ED83F9BB-5815-4ED8-84B9-BE170EF733EA}.Release|Any CPU.Build.0 = Release|Any CPU
		{26F2B5AF-0578-4134-BE97-598D9D7BB38C}.Debug|Any CPU.ActiveCfg = Debug|Any CPU
		{26F2B5AF-0578-4134-BE97-598D9D7BB38C}.Debug|Any CPU.Build.0 = Debug|Any CPU
		{26F2B5AF-0578-4134-BE97-598D9D7BB38C}.Release|Any CPU.ActiveCfg = Release|Any CPU
		{26F2B5AF-0578-4134-BE97-598D9D7BB38C}.Release|Any CPU.Build.0 = Release|Any CPU
	EndGlobalSection
	GlobalSection(SolutionProperties) = preSolution
		HideSolutionNode = FALSE
	EndGlobalSection
	GlobalSection(ExtensibilityGlobals) = postSolution
		SolutionGuid = {5535EFC1-3D6B-42C0-9B89-7C5AB02040B5}
	EndGlobalSection
EndGlobal
